// !$*UTF8*$!
{
	archiveVersion = 1;
	classes = {
	};
	objectVersion = 46;
	objects = {

/* Begin PBXBuildFile section */
		F00EC41B1B56F3010029BA84 /* AppDelegate.swift in Sources */ = {isa = PBXBuildFile; fileRef = F00EC41A1B56F3010029BA84 /* AppDelegate.swift */; };
		F00EC41D1B56F3010029BA84 /* ViewController.swift in Sources */ = {isa = PBXBuildFile; fileRef = F00EC41C1B56F3010029BA84 /* ViewController.swift */; };
		F00EC4201B56F3010029BA84 /* Main.storyboard in Resources */ = {isa = PBXBuildFile; fileRef = F00EC41E1B56F3010029BA84 /* Main.storyboard */; };
		F00EC4221B56F3010029BA84 /* Images.xcassets in Resources */ = {isa = PBXBuildFile; fileRef = F00EC4211B56F3010029BA84 /* Images.xcassets */; };
		F00EC4251B56F3010029BA84 /* LaunchScreen.xib in Resources */ = {isa = PBXBuildFile; fileRef = F00EC4231B56F3010029BA84 /* LaunchScreen.xib */; };
		F00EC4311B56F3010029BA84 /* timestableTests.swift in Sources */ = {isa = PBXBuildFile; fileRef = F00EC4301B56F3010029BA84 /* timestableTests.swift */; };
/* End PBXBuildFile section */

/* Begin PBXContainerItemProxy section */
		F00EC42B1B56F3010029BA84 /* PBXContainerItemProxy */ = {
			isa = PBXContainerItemProxy;
			containerPortal = F00EC40D1B56F3010029BA84 /* Project object */;
			proxyType = 1;
			remoteGlobalIDString = F00EC4141B56F3010029BA84;
			remoteInfo = timestable;
		};
/* End PBXContainerItemProxy section */

/* Begin PBXFileReference section */
		F00EC4151B56F3010029BA84 /* timestable.app */ = {isa = PBXFileReference; explicitFileType = wrapper.application; includeInIndex = 0; path = timestable.app; sourceTree = BUILT_PRODUCTS_DIR; };
		F00EC4191B56F3010029BA84 /* Info.plist */ = {isa = PBXFileReference; lastKnownFileType = text.plist.xml; path = Info.plist; sourceTree = "<group>"; };
		F00EC41A1B56F3010029BA84 /* AppDelegate.swift */ = {isa = PBXFileReference; lastKnownFileType = sourcecode.swift; path = AppDelegate.swift; sourceTree = "<group>"; };
		F00EC41C1B56F3010029BA84 /* ViewController.swift */ = {isa = PBXFileReference; lastKnownFileType = sourcecode.swift; path = ViewController.swift; sourceTree = "<group>"; };
		F00EC41F1B56F3010029BA84 /* Base */ = {isa = PBXFileReference; lastKnownFileType = file.storyboard; name = Base; path = Base.lproj/Main.storyboard; sourceTree = "<group>"; };
		F00EC4211B56F3010029BA84 /* Images.xcassets */ = {isa = PBXFileReference; lastKnownFileType = folder.assetcatalog; path = Images.xcassets; sourceTree = "<group>"; };
		F00EC4241B56F3010029BA84 /* Base */ = {isa = PBXFileReference; lastKnownFileType = file.xib; name = Base; path = Base.lproj/LaunchScreen.xib; sourceTree = "<group>"; };
		F00EC42A1B56F3010029BA84 /* timestableTests.xctest */ = {isa = PBXFileReference; explicitFileType = wrapper.cfbundle; includeInIndex = 0; path = timestableTests.xctest; sourceTree = BUILT_PRODUCTS_DIR; };
		F00EC42F1B56F3010029BA84 /* Info.plist */ = {isa = PBXFileReference; lastKnownFileType = text.plist.xml; path = Info.plist; sourceTree = "<group>"; };
		F00EC4301B56F3010029BA84 /* timestableTests.swift */ = {isa = PBXFileReference; lastKnownFileType = sourcecode.swift; path = timestableTests.swift; sourceTree = "<group>"; };
/* End PBXFileReference section */

/* Begin PBXFrameworksBuildPhase section */
		F00EC4121B56F3010029BA84 /* Frameworks */ = {
			isa = PBXFrameworksBuildPhase;
			buildActionMask = 2147483647;
			files = (
			);
			runOnlyForDeploymentPostprocessing = 0;
		};
		F00EC4271B56F3010029BA84 /* Frameworks */ = {
			isa = PBXFrameworksBuildPhase;
			buildActionMask = 2147483647;
			files = (
			);
			runOnlyForDeploymentPostprocessing = 0;
		};
/* End PBXFrameworksBuildPhase section */

/* Begin PBXGroup section */
		F00EC40C1B56F3010029BA84 = {
			isa = PBXGroup;
			children = (
				F00EC4171B56F3010029BA84 /* timestable */,
				F00EC42D1B56F3010029BA84 /* timestableTests */,
				F00EC4161B56F3010029BA84 /* Products */,
			);
			sourceTree = "<group>";
		};
		F00EC4161B56F3010029BA84 /* Products */ = {
			isa = PBXGroup;
			children = (
				F00EC4151B56F3010029BA84 /* timestable.app */,
				F00EC42A1B56F3010029BA84 /* timestableTests.xctest */,
			);
			name = Products;
			sourceTree = "<group>";
		};
		F00EC4171B56F3010029BA84 /* timestable */ = {
			isa = PBXGroup;
			children = (
				F00EC41A1B56F3010029BA84 /* AppDelegate.swift */,
				F00EC41C1B56F3010029BA84 /* ViewController.swift */,
				F00EC41E1B56F3010029BA84 /* Main.storyboard */,
				F00EC4211B56F3010029BA84 /* Images.xcassets */,
				F00EC4231B56F3010029BA84 /* LaunchScreen.xib */,
				F00EC4181B56F3010029BA84 /* Supporting Files */,
			);
			path = timestable;
			sourceTree = "<group>";
		};
		F00EC4181B56F3010029BA84 /* Supporting Files */ = {
			isa = PBXGroup;
			children = (
				F00EC4191B56F3010029BA84 /* Info.plist */,
			);
			name = "Supporting Files";
			sourceTree = "<group>";
		};
		F00EC42D1B56F3010029BA84 /* timestableTests */ = {
			isa = PBXGroup;
			children = (
				F00EC4301B56F3010029BA84 /* timestableTests.swift */,
				F00EC42E1B56F3010029BA84 /* Supporting Files */,
			);
			path = timestableTests;
			sourceTree = "<group>";
		};
		F00EC42E1B56F3010029BA84 /* Supporting Files */ = {
			isa = PBXGroup;
			children = (
				F00EC42F1B56F3010029BA84 /* Info.plist */,
			);
			name = "Supporting Files";
			sourceTree = "<group>";
		};
/* End PBXGroup section */

/* Begin PBXNativeTarget section */
		F00EC4141B56F3010029BA84 /* timestable */ = {
			isa = PBXNativeTarget;
			buildConfigurationList = F00EC4341B56F3010029BA84 /* Build configuration list for PBXNativeTarget "timestable" */;
			buildPhases = (
				F00EC4111B56F3010029BA84 /* Sources */,
				F00EC4121B56F3010029BA84 /* Frameworks */,
				F00EC4131B56F3010029BA84 /* Resources */,
			);
			buildRules = (
			);
			dependencies = (
			);
			name = timestable;
			productName = timestable;
			productReference = F00EC4151B56F3010029BA84 /* timestable.app */;
			productType = "com.apple.product-type.application";
		};
		F00EC4291B56F3010029BA84 /* timestableTests */ = {
			isa = PBXNativeTarget;
			buildConfigurationList = F00EC4371B56F3010029BA84 /* Build configuration list for PBXNativeTarget "timestableTests" */;
			buildPhases = (
				F00EC4261B56F3010029BA84 /* Sources */,
				F00EC4271B56F3010029BA84 /* Frameworks */,
				F00EC4281B56F3010029BA84 /* Resources */,
			);
			buildRules = (
			);
			dependencies = (
				F00EC42C1B56F3010029BA84 /* PBXTargetDependency */,
			);
			name = timestableTests;
			productName = timestableTests;
			productReference = F00EC42A1B56F3010029BA84 /* timestableTests.xctest */;
			productType = "com.apple.product-type.bundle.unit-test";
		};
/* End PBXNativeTarget section */

/* Begin PBXProject section */
		F00EC40D1B56F3010029BA84 /* Project object */ = {
			isa = PBXProject;
			attributes = {
				LastUpgradeCheck = 0630;
				ORGANIZATIONNAME = "Taige Zhang";
				TargetAttributes = {
					F00EC4141B56F3010029BA84 = {
						CreatedOnToolsVersion = 6.3.2;
					};
					F00EC4291B56F3010029BA84 = {
						CreatedOnToolsVersion = 6.3.2;
						TestTargetID = F00EC4141B56F3010029BA84;
					};
				};
			};
			buildConfigurationList = F00EC4101B56F3010029BA84 /* Build configuration list for PBXProject "timestable" */;
			compatibilityVersion = "Xcode 3.2";
			developmentRegion = English;
			hasScannedForEncodings = 0;
			knownRegions = (
				en,
				Base,
			);
			mainGroup = F00EC40C1B56F3010029BA84;
			productRefGroup = F00EC4161B56F3010029BA84 /* Products */;
			projectDirPath = "";
			projectRoot = "";
			targets = (
				F00EC4141B56F3010029BA84 /* timestable */,
				F00EC4291B56F3010029BA84 /* timestableTests */,
			);
		};
/* End PBXProject section */

/* Begin PBXResourcesBuildPhase section */
		F00EC4131B56F3010029BA84 /* Resources */ = {
			isa = PBXResourcesBuildPhase;
			buildActionMask = 2147483647;
			files = (
				F00EC4201B56F3010029BA84 /* Main.storyboard in Resources */,
				F00EC4251B56F3010029BA84 /* LaunchScreen.xib in Resources */,
				F00EC4221B56F3010029BA84 /* Images.xcassets in Resources */,
			);
			runOnlyForDeploymentPostprocessing = 0;
		};
		F00EC4281B56F3010029BA84 /* Resources */ = {
			isa = PBXResourcesBuildPhase;
			buildActionMask = 2147483647;
			files = (
			);
			runOnlyForDeploymentPostprocessing = 0;
		};
/* End PBXResourcesBuildPhase section */

/* Begin PBXSourcesBuildPhase section */
		F00EC4111B56F3010029BA84 /* Sources */ = {
			isa = PBXSourcesBuildPhase;
			buildActionMask = 2147483647;
			files = (
				F00EC41D1B56F3010029BA84 /* ViewController.swift in Sources */,
				F00EC41B1B56F3010029BA84 /* AppDelegate.swift in Sources */,
			);
			runOnlyForDeploymentPostprocessing = 0;
		};
		F00EC4261B56F3010029BA84 /* Sources */ = {
			isa = PBXSourcesBuildPhase;
			buildActionMask = 2147483647;
			files = (
				F00EC4311B56F3010029BA84 /* timestableTests.swift in Sources */,
			);
			runOnlyForDeploymentPostprocessing = 0;
		};
/* End PBXSourcesBuildPhase section */

/* Begin PBXTargetDependency section */
		F00EC42C1B56F3010029BA84 /* PBXTargetDependency */ = {
			isa = PBXTargetDependency;
			target = F00EC4141B56F3010029BA84 /* timestable */;
			targetProxy = F00EC42B1B56F3010029BA84 /* PBXContainerItemProxy */;
		};
/* End PBXTargetDependency section */

/* Begin PBXVariantGroup section */
		F00EC41E1B56F3010029BA84 /* Main.storyboard */ = {
			isa = PBXVariantGroup;
			children = (
				F00EC41F1B56F3010029BA84 /* Base */,
			);
			name = Main.storyboard;
			sourceTree = "<group>";
		};
		F00EC4231B56F3010029BA84 /* LaunchScreen.xib */ = {
			isa = PBXVariantGroup;
			children = (
				F00EC4241B56F3010029BA84 /* Base */,
			);
			name = LaunchScreen.xib;
			sourceTree = "<group>";
		};
/* End PBXVariantGroup section */

/* Begin XCBuildConfiguration section */
		F00EC4321B56F3010029BA84 /* Debug */ = {
			isa = XCBuildConfiguration;
			buildSettings = {
				ALWAYS_SEARCH_USER_PATHS = NO;
				CLANG_CXX_LANGUAGE_STANDARD = "gnu++0x";
				CLANG_CXX_LIBRARY = "libc++";
				CLANG_ENABLE_MODULES = YES;
				CLANG_ENABLE_OBJC_ARC = YES;
				CLANG_WARN_BOOL_CONVERSION = YES;
				CLANG_WARN_CONSTANT_CONVERSION = YES;
				CLANG_WARN_DIRECT_OBJC_ISA_USAGE = YES_ERROR;
				CLANG_WARN_EMPTY_BODY = YES;
				CLANG_WARN_ENUM_CONVERSION = YES;
				CLANG_WARN_INT_CONVERSION = YES;
				CLANG_WARN_OBJC_ROOT_CLASS = YES_ERROR;
				CLANG_WARN_UNREACHABLE_CODE = YES;
				CLANG_WARN__DUPLICATE_METHOD_MATCH = YES;
				"CODE_SIGN_IDENTITY[sdk=iphoneos*]" = "iPhone Developer";
				COPY_PHASE_STRIP = NO;
				DEBUG_INFORMATION_FORMAT = "dwarf-with-dsym";
				ENABLE_STRICT_OBJC_MSGSEND = YES;
				GCC_C_LANGUAGE_STANDARD = gnu99;
				GCC_DYNAMIC_NO_PIC = NO;
				GCC_NO_COMMON_BLOCKS = YES;
				GCC_OPTIMIZATION_LEVEL = 0;
				GCC_PREPROCESSOR_DEFINITIONS = (
					"DEBUG=1",
					"$(inherited)",
				);
				GCC_SYMBOLS_PRIVATE_EXTERN = NO;
				GCC_WARN_64_TO_32_BIT_CONVERSION = YES;
				GCC_WARN_ABOUT_RETURN_TYPE = YES_ERROR;
				GCC_WARN_UNDECLARED_SELECTOR = YES;
				GCC_WARN_UNINITIALIZED_AUTOS = YES_AGGRESSIVE;
				GCC_WARN_UNUSED_FUNCTION = YES;
				GCC_WARN_UNUSED_VARIABLE = YES;
				IPHONEOS_DEPLOYMENT_TARGET = 8.3;
				MTL_ENABLE_DEBUG_INFO = YES;
				ONLY_ACTIVE_ARCH = YES;
				SDKROOT = iphoneos;
				SWIFT_OPTIMIZATION_LEVEL = "-Onone";
				TARGETED_DEVICE_FAMILY = "1,2";
			};
			name = Debug;
		};
		F00EC4331B56F3010029BA84 /* Release */ = {
			isa = XCBuildConfiguration;
			buildSettings = {
				ALWAYS_SEARCH_USER_PATHS = NO;
				CLANG_CXX_LANGUAGE_STANDARD = "gnu++0x";
				CLANG_CXX_LIBRARY = "libc++";
				CLANG_ENABLE_MODULES = YES;
				CLANG_ENABLE_OBJC_ARC = YES;
				CLANG_WARN_BOOL_CONVERSION = YES;
				CLANG_WARN_CONSTANT_CONVERSION = YES;
				CLANG_WARN_DIRECT_OBJC_ISA_USAGE = YES_ERROR;
				CLANG_WARN_EMPTY_BODY = YES;
				CLANG_WARN_ENUM_CONVERSION = YES;
				CLANG_WARN_INT_CONVERSION = YES;
				CLANG_WARN_OBJC_ROOT_CLASS = YES_ERROR;
				CLANG_WARN_UNREACHABLE_CODE = YES;
				CLANG_WARN__DUPLICATE_METHOD_MATCH = YES;
				"CODE_SIGN_IDENTITY[sdk=iphoneos*]" = "iPhone Developer";
				COPY_PHASE_STRIP = NO;
				DEBUG_INFORMATION_FORMAT = "dwarf-with-dsym";
				ENABLE_NS_ASSERTIONS = NO;
				ENABLE_STRICT_OBJC_MSGSEND = YES;
				GCC_C_LANGUAGE_STANDARD = gnu99;
				GCC_NO_COMMON_BLOCKS = YES;
				GCC_WARN_64_TO_32_BIT_CONVERSION = YES;
				GCC_WARN_ABOUT_RETURN_TYPE = YES_ERROR;
				GCC_WARN_UNDECLARED_SELECTOR = YES;
				GCC_WARN_UNINITIALIZED_AUTOS = YES_AGGRESSIVE;
				GCC_WARN_UNUSED_FUNCTION = YES;
				GCC_WARN_UNUSED_VARIABLE = YES;
				IPHONEOS_DEPLOYMENT_TARGET = 8.3;
				MTL_ENABLE_DEBUG_INFO = NO;
				SDKROOT = iphoneos;
				TARGETED_DEVICE_FAMILY = "1,2";
				VALIDATE_PRODUCT = YES;
			};
			name = Release;
		};
		F00EC4351B56F3010029BA84 /* Debug */ = {
			isa = XCBuildConfiguration;
			buildSettings = {
				ASSETCATALOG_COMPILER_APPICON_NAME = AppIcon;
				INFOPLIST_FILE = timestable/Info.plist;
				LD_RUNPATH_SEARCH_PATHS = "$(inherited) @executable_path/Frameworks";
				PRODUCT_NAME = "$(TARGET_NAME)";
			};
			name = Debug;
		};
		F00EC4361B56F3010029BA84 /* Release */ = {
			isa = XCBuildConfiguration;
			buildSettings = {
				ASSETCATALOG_COMPILER_APPICON_NAME = AppIcon;
				INFOPLIST_FILE = timestable/Info.plist;
				LD_RUNPATH_SEARCH_PATHS = "$(inherited) @executable_path/Frameworks";
				PRODUCT_NAME = "$(TARGET_NAME)";
			};
			name = Release;
		};
		F00EC4381B56F3010029BA84 /* Debug */ = {
			isa = XCBuildConfiguration;
			buildSettings = {
				BUNDLE_LOADER = "$(TEST_HOST)";
				FRAMEWORK_SEARCH_PATHS = (
					"$(SDKROOT)/Developer/Library/Frameworks",
					"$(inherited)",
				);
				GCC_PREPROCESSOR_DEFINITIONS = (
					"DEBUG=1",
					"$(inherited)",
				);
				INFOPLIST_FILE = timestableTests/Info.plist;
				LD_RUNPATH_SEARCH_PATHS = "$(inherited) @executable_path/Frameworks @loader_path/Frameworks";
				PRODUCT_NAME = "$(TARGET_NAME)";
				TEST_HOST = "$(BUILT_PRODUCTS_DIR)/timestable.app/timestable";
			};
			name = Debug;
		};
		F00EC4391B56F3010029BA84 /* Release */ = {
			isa = XCBuildConfiguration;
			buildSettings = {
				BUNDLE_LOADER = "$(TEST_HOST)";
				FRAMEWORK_SEARCH_PATHS = (
					"$(SDKROOT)/Developer/Library/Frameworks",
					"$(inherited)",
				);
				INFOPLIST_FILE = timestableTests/Info.plist;
				LD_RUNPATH_SEARCH_PATHS = "$(inherited) @executable_path/Frameworks @loader_path/Frameworks";
				PRODUCT_NAME = "$(TARGET_NAME)";
				TEST_HOST = "$(BUILT_PRODUCTS_DIR)/timestable.app/timestable";
			};
			name = Release;
		};
/* End XCBuildConfiguration section */

/* Begin XCConfigurationList section */
		F00EC4101B56F3010029BA84 /* Build configuration list for PBXProject "timestable" */ = {
			isa = XCConfigurationList;
			buildConfigurations = (
				F00EC4321B56F3010029BA84 /* Debug */,
				F00EC4331B56F3010029BA84 /* Release */,
			);
			defaultConfigurationIsVisible = 0;
			defaultConfigurationName = Release;
		};
		F00EC4341B56F3010029BA84 /* Build configuration list for PBXNativeTarget "timestable" */ = {
			isa = XCConfigurationList;
			buildConfigurations = (
				F00EC4351B56F3010029BA84 /* Debug */,
				F00EC4361B56F3010029BA84 /* Release */,
			);
			defaultConfigurationIsVisible = 0;
		};
		F00EC4371B56F3010029BA84 /* Build configuration list for PBXNativeTarget "timestableTests" */ = {
			isa = XCConfigurationList;
			buildConfigurations = (
				F00EC4381B56F3010029BA84 /* Debug */,
				F00EC4391B56F3010029BA84 /* Release */,
			);
			defaultConfigurationIsVisible = 0;
		};
/* End XCConfigurationList section */
	};
	rootObject = F00EC40D1B56F3010029BA84 /* Project object */;
}
